
Microsoft Visual Studio Solution File, Format Version 12.00
Project("{FAE04EC0-301F-11D3-BF4B-00C04F79EFBC}") = "PasifeLua", "PasifeLua\PasifeLua.csproj", "{E1962524-7F1F-4166-A5A5-39348C5FB211}"
EndProject
Project("{FAE04EC0-301F-11D3-BF4B-00C04F79EFBC}") = "psfi", "psfi\psfi.csproj", "{3768D5B0-0A5F-4E2E-ACA3-0D2BA1885343}"
EndProject
Project("{FAE04EC0-301F-11D3-BF4B-00C04F79EFBC}") = "PasifeLua.Tests", "PasifeLua.Tests\PasifeLua.Tests.csproj", "{C687751C-BFBE-494C-B103-B8B761039F3B}"
EndProject
Global
	GlobalSection(SolutionConfigurationPlatforms) = preSolution
		Debug|Any CPU = Debug|Any CPU
		Release|Any CPU = Release|Any CPU
	EndGlobalSection
	GlobalSection(ProjectConfigurationPlatforms) = postSolution
		{E1962524-7F1F-4166-A5A5-39348C5FB211}.Debug|Any CPU.ActiveCfg = Debug|Any CPU
		{E1962524-7F1F-4166-A5A5-39348C5FB211}.Debug|Any CPU.Build.0 = Debug|Any CPU
		{E1962524-7F1F-4166-A5A5-39348C5FB211}.Release|Any CPU.ActiveCfg = Release|Any CPU
		{E1962524-7F1F-4166-A5A5-39348C5FB211}.Release|Any CPU.Build.0 = Release|Any CPU
		{3768D5B0-0A5F-4E2E-ACA3-0D2BA1885343}.Debug|Any CPU.ActiveCfg = Debug|Any CPU
		{3768D5B0-0A5F-4E2E-ACA3-0D2BA1885343}.Debug|Any CPU.Build.0 = Debug|Any CPU
		{3768D5B0-0A5F-4E2E-ACA3-0D2BA1885343}.Release|Any CPU.ActiveCfg = Release|Any CPU
		{3768D5B0-0A5F-4E2E-ACA3-0D2BA1885343}.Release|Any CPU.Build.0 = Release|Any CPU
		{C687751C-BFBE-494C-B103-B8B761039F3B}.Debug|Any CPU.ActiveCfg = Debug|Any CPU
		{C687751C-BFBE-494C-B103-B8B761039F3B}.Debug|Any CPU.Build.0 = Debug|Any CPU
		{C687751C-BFBE-494C-B103-B8B761039F3B}.Release|Any CPU.ActiveCfg = Release|Any CPU
		{C687751C-BFBE-494C-B103-B8B761039F3B}.Release|Any CPU.Build.0 = Release|Any CPU
	EndGlobalSection
EndGlobal
